<?xml version="1.0" encoding="UTF-8" standalone="yes" ?>
<CodeBlocks_project_file>
	<FileVersion major="1" minor="6" />
	<Project>
		<Option title="2doParcialArmadoPC" />
		<Option pch_mode="2" />
		<Option compiler="gcc" />
		<Build>
			<Target title="Debug">
				<Option output="bin/Debug/2doParcialArmadoPC" prefix_auto="1" extension_auto="1" />
				<Option object_output="obj/Debug/" />
				<Option type="1" />
				<Option compiler="gcc" />
				<Option parameters="Componentes.dat ArmadosYReparaciones.dat" />
				<Compiler>
					<Add option="-g" />
				</Compiler>
				<Linker>
					<Add library="../Solucion2doParcialArmadoPC/bin/Release/libSolucion2doParcialArmadoPC.a" />
					<Add library="../TDAListaImplDinamicaDoble/bin/Release/libTDAListaImplDinamicaDoble.a" />
					<Add library="../TDAArbolImplDinamica/bin/Release/libTDAArbolImplDinamica.a" />
					<Add directory="../lib-debug" />
				</Linker>
			</Target>
			<Target title="Release">
				<Option output="bin/Release/2doParcialArmadoPC" prefix_auto="1" extension_auto="1" />
				<Option object_output="obj/Release/" />
				<Option type="1" />
				<Option compiler="gcc" />
				<Option parameters="Componentes.dat ArmadosYReparaciones.dat" />
				<Compiler>
					<Add option="-O2" />
				</Compiler>
				<Linker>
					<Add option="-s" />
					<Add directory="../lib" />
				</Linker>
			</Target>
		</Build>
		<Compiler>
			<Add option="-Wall" />
			<Add directory="../include" />
		</Compiler>
		<Unit filename="../Matematica/Matematica.h" />
		<Unit filename="../Nodo/NodoA.h" />
		<Unit filename="../Nodo/NodoD.h" />
		<Unit filename="../Solucion2doParcialArmadoPC/Solucion2doParcialArmadoPC.h" />
		<Unit filename="../Solucion2doParcialArmadoPC/TiposArmadoPC.h" />
		<Unit filename="../TDAArbolImplDinamica/TDAArbolImplDinamica.h" />
		<Unit filename="../TDAArbol/TDAArbol.h" />
		<Unit filename="../TDAListaImplDinamicaDoble/TDAListaImplDinamicaDoble.h" />
		<Unit filename="../TDALista/TDALista.h" />
		<Unit filename="../TDA/TDA.h" />
		<Unit filename="main.c">
			<Option compilerVar="CC" />
		</Unit>
		<Extensions />
	</Project>
</CodeBlocks_project_file>
